
Microsoft Visual Studio Solution File, Format Version 12.00
# Visual Studio Version 16
VisualStudioVersion = 16.0.30523.141
MinimumVisualStudioVersion = 10.0.40219.1
Project("{FAE04EC0-301F-11D3-BF4B-00C04F79EFBC}") = "ExcelDemo", "ExcelDemo\ExcelDemo.csproj", "{EE45459D-C546-4412-9315-8CDA9B06496E}"
EndProject
Global
	GlobalSection(SolutionConfigurationPlatforms) = preSolution
		Debug|Any CPU = Debug|Any CPU
		Release|Any CPU = Release|Any CPU
	EndGlobalSection
	GlobalSection(ProjectConfigurationPlatforms) = postSolution
		{EE45459D-C546-4412-9315-8CDA9B06496E}.Debug|Any CPU.ActiveCfg = Debug|Any CPU
		{EE45459D-C546-4412-9315-8CDA9B06496E}.Debug|Any CPU.Build.0 = Debug|Any CPU
		{EE45459D-C546-4412-9315-8CDA9B06496E}.Release|Any CPU.ActiveCfg = Release|Any CPU
		{EE45459D-C546-4412-9315-8CDA9B06496E}.Release|Any CPU.Build.0 = Release|Any CPU
	EndGlobalSection
	GlobalSection(SolutionProperties) = preSolution
		HideSolutionNode = FALSE
	EndGlobalSection
	GlobalSection(ExtensibilityGlobals) = postSolution
		SolutionGuid = {6A84E94A-5DDC-4CFB-AFD4-647CFCB2D505}
	EndGlobalSection
EndGlobal
